#MicroXplorer Configuration settings - do not modify
Mcu.Family=STM32L0
RCC.MSI_VALUE=2097000
ProjectManager.MainLocation=Core/Src
VP_TIM22_VS_ClockSourceINT.Signal=TIM22_VS_ClockSourceINT
RCC.USART1Freq_Value=32000000
ProjectManager.ProjectFileName=l0_pwm.ioc
RCC.48USBFreq_Value=32000000
ProjectManager.KeepUserCode=true
Mcu.UserName=STM32L052K6Tx
Mcu.PinsNb=6
ProjectManager.NoMain=false
RCC.PLLCLKFreq_Value=32000000
ProjectManager.functionlistsort=1-MX_GPIO_Init-GPIO-false-HAL-true,2-SystemClock_Config-RCC-false-HAL-false,3-MX_TIM22_Init-TIM22-false-HAL-true
RCC.RTCFreq_Value=37000
PA3.GPIOParameters=GPIO_Label
ProjectManager.DefaultFWLocation=true
RCC.USART2Freq_Value=32000000
NVIC.SVC_IRQn=true\:0\:0\:false\:false\:true\:false\:false
ProjectManager.DeletePrevious=true
RCC.TimerFreq_Value=32000000
RCC.48CLKFreq_Value=32000000
PinOutPanel.RotationAngle=0
RCC.FamilyName=M
RCC.SYSCLKSource=RCC_SYSCLKSOURCE_PLLCLK
ProjectManager.StackSize=0x400
TIM22.Period=1000-1
RCC.WatchDogFreq_Value=37000
PA13.Signal=SYS_SWDIO
RCC.HSI16_VALUE=16000000
RCC.FCLKCortexFreq_Value=32000000
Mcu.IP2=SYS
Mcu.IP3=TIM22
Mcu.IP0=NVIC
Mcu.IP1=RCC
Mcu.UserConstants=
ProjectManager.TargetToolchain=STM32CubeIDE
SH.S_TIM22_CH2.0=TIM22_CH2,PWM Generation2 CH2
Mcu.ThirdPartyNb=0
RCC.HCLKFreq_Value=32000000
Mcu.IPNb=4
ProjectManager.PreviousToolchain=
RCC.APB2TimFreq_Value=32000000
TIM22.Prescaler=32-1
ProjectManager.RegisterCallBack=
TIM22.Channel-PWM\ Generation2\ CH2=TIM_CHANNEL_2
RCC.LSE_VALUE=32768
RCC.AHBFreq_Value=32000000
Mcu.Pin0=PA3
VP_TIM22_VS_ClockSourceINT.Mode=Internal
Mcu.Pin1=PA7
Mcu.Pin2=PA13
Mcu.Pin3=PA14
Mcu.Pin4=VP_SYS_VS_Systick
Mcu.Pin5=VP_TIM22_VS_ClockSourceINT
TIM22.Pulse-PWM\ Generation2\ CH2=500
ProjectManager.ProjectBuild=false
RCC.MCOPinFreq_Value=32000000
board=custom
RCC.VCOOutputFreq_Value=64000000
NVIC.SysTick_IRQn=true\:0\:0\:false\:false\:true\:false\:true
ProjectManager.LastFirmware=true
RCC.PLLMUL=RCC_PLLMUL_4
ProjectManager.FirmwarePackage=STM32Cube FW_L0 V1.12.0
MxDb.Version=DB.6.0.21
RCC.APB2Freq_Value=32000000
ProjectManager.BackupPrevious=false
MxCube.Version=6.2.1
RCC.I2C1Freq_Value=32000000
PA14.Mode=Serial_Wire
SH.S_TIM22_CH2.ConfNb=1
File.Version=6
VP_SYS_VS_Systick.Mode=SysTick
NVIC.NonMaskableInt_IRQn=true\:0\:0\:false\:false\:true\:false\:false
NVIC.PendSV_IRQn=true\:0\:0\:false\:false\:true\:false\:false
PA13.Mode=Serial_Wire
ProjectManager.FreePins=false
RCC.IPParameters=48CLKFreq_Value,48RNGFreq_Value,48USBFreq_Value,AHBFreq_Value,APB1Freq_Value,APB1TimFreq_Value,APB2Freq_Value,APB2TimFreq_Value,FCLKCortexFreq_Value,FamilyName,HCLKFreq_Value,HSI16_VALUE,HSI48_VALUE,HSI_VALUE,I2C1Freq_Value,LPTIMFreq_Value,LSE_VALUE,LSI_VALUE,MCOPinFreq_Value,MSI_VALUE,PLLCLKFreq_Value,PLLMUL,PWRFreq_Value,RTCFreq_Value,SYSCLKFreq_VALUE,SYSCLKSource,TIMFreq_Value,TimerFreq_Value,USART1Freq_Value,USART2Freq_Value,VCOOutputFreq_Value,WatchDogFreq_Value
ProjectManager.AskForMigrate=true
Mcu.Name=STM32L052K(6-8)Tx
ProjectManager.HalAssertFull=false
ProjectManager.ProjectName=l0_pwm
ProjectManager.UnderRoot=true
ProjectManager.CoupleFile=false
RCC.SYSCLKFreq_VALUE=32000000
Mcu.Package=LQFP32
PA3.Locked=true
NVIC.ForceEnableDMAVector=true
KeepUserPlacement=false
TIM22.IPParameters=Channel-PWM Generation2 CH2,Prescaler,Period,Pulse-PWM Generation2 CH2
ProjectManager.CompilerOptimize=6
ProjectManager.ToolChainLocation=
RCC.LSI_VALUE=37000
VP_SYS_VS_Systick.Signal=SYS_VS_Systick
PA14.Signal=SYS_SWCLK
ProjectManager.HeapSize=0x200
NVIC.HardFault_IRQn=true\:0\:0\:false\:false\:true\:false\:false
ProjectManager.ComputerToolchain=false
RCC.HSI_VALUE=16000000
RCC.APB1TimFreq_Value=32000000
RCC.PWRFreq_Value=32000000
RCC.48RNGFreq_Value=32000000
RCC.APB1Freq_Value=32000000
ProjectManager.CustomerFirmwarePackage=
ProjectManager.DeviceId=STM32L052K6Tx
ProjectManager.LibraryCopy=1
RCC.LPTIMFreq_Value=32000000
RCC.HSI48_VALUE=48000000
PA3.GPIO_Label=LED1
PA3.Signal=GPIO_Output
PA7.Signal=S_TIM22_CH2
RCC.TIMFreq_Value=32000000
isbadioc=false
